
Microsoft Visual Studio Solution File, Format Version 12.00
# Visual Studio Version 16
VisualStudioVersion = 16.0.30907.101
MinimumVisualStudioVersion = 10.0.40219.1
Project("{9A19103F-16F7-4668-BE54-9A1E7A4F7556}") = "Spark", "Spark\Spark.csproj", "{FFFAE8BA-5B12-4DD9-A277-DA345A0F9A17}"
EndProject
Global
	GlobalSection(SolutionConfigurationPlatforms) = preSolution
		Debug|Any CPU = Debug|Any CPU
		Release|Any CPU = Release|Any CPU
	EndGlobalSection
	GlobalSection(ProjectConfigurationPlatforms) = postSolution
		{FFFAE8BA-5B12-4DD9-A277-DA345A0F9A17}.Debug|Any CPU.ActiveCfg = Debug|Any CPU
		{FFFAE8BA-5B12-4DD9-A277-DA345A0F9A17}.Debug|Any CPU.Build.0 = Debug|Any CPU
		{FFFAE8BA-5B12-4DD9-A277-DA345A0F9A17}.Release|Any CPU.ActiveCfg = Release|Any CPU
		{FFFAE8BA-5B12-4DD9-A277-DA345A0F9A17}.Release|Any CPU.Build.0 = Release|Any CPU
	EndGlobalSection
	GlobalSection(SolutionProperties) = preSolution
		HideSolutionNode = FALSE
	EndGlobalSection
	GlobalSection(ExtensibilityGlobals) = postSolution
		SolutionGuid = {4DAC19F5-5936-4905-A956-690CE6D83FB8}
	EndGlobalSection
EndGlobal
